{
  "name": "@dominic.mayers/last-of-readme",
  "version": "0.1.63",
  "lockfileVersion": 3,
  "requires": true,
  "packages": {
    "": {
      "name": "@dominic.mayers/last-of-readme",
      "version": "0.1.63",
      "hasInstallScript": true,
      "license": "MIT",
      "dependencies": {
        "@dominic.mayers/last-of-readme": "^0.1.62"
      },
      "bin": {
        "last-of-readme": "scripts/last-of-readme/bin/last-of-readme.cjs"
      }
    },
    "node_modules/@dominic.mayers/last-of-readme": {
      "version": "0.1.62",
      "resolved": "https://registry.npmjs.org/@dominic.mayers/last-of-readme/-/last-of-readme-0.1.62.tgz",
      "integrity": "sha512-ojiVe4COeyYSZQ8S9m1uY7A0p7hqTSfrYwKep9C15PCspOukDu2Ge3B+ASDwzv8bKJWXCV/PcRa0/1FwcZBl7g==",
      "license": "MIT"
    }
  }
}
