{
  "name": "@dominic.mayers/last-of-readme",
  "version": "0.1.76",
  "lockfileVersion": 3,
  "requires": true,
  "dev": true,
  "packages": {
    "": {
      "name": "@dominic.mayers/last-of-readme",
      "version": "0.1.76",
      "dev": true,
      "hasInstallScript": true,
      "license": "MIT",
      "bin": {
        "last-of-readme": "scripts/last-of-readme/bin/last-of-readme.cjs"
      },
      "devDependencies": {
        "@dominic.mayers/last-of-readme": "file:"
      }
    },
    "node_modules/@dominic.mayers/last-of-readme": {
      "resolved": "",
      "link": true
    }
  }
}
